
Microsoft Visual Studio Solution File, Format Version 12.00
# Visual Studio 15
VisualStudioVersion = 15.0.26430.13
MinimumVisualStudioVersion = 10.0.40219.1
Project("{FAE04EC0-301F-11D3-BF4B-00C04F79EFBC}") = "BeMyEyesApp.Android", "BeMyEyesApp\BeMyEyesApp.Android\BeMyEyesApp.Android.csproj", "{281A82F3-D1FF-4D9A-A4C4-574E9557BEB4}"
EndProject
Project("{FAE04EC0-301F-11D3-BF4B-00C04F79EFBC}") = "BeMyEyesApp", "BeMyEyesApp\BeMyEyesApp\BeMyEyesApp.csproj", "{BD624A75-A39A-45FC-B632-06ADAB9C521C}"
EndProject
Project("{FAE04EC0-301F-11D3-BF4B-00C04F79EFBC}") = "BeMyEyesApp.UWP", "BeMyEyesApp\BeMyEyesApp.UWP\BeMyEyesApp.UWP.csproj", "{54C86971-8823-4F59-B41A-0BBC54AFD964}"
EndProject
Project("{FAE04EC0-301F-11D3-BF4B-00C04F79EFBC}") = "BeMyEyesApp.iOS", "BeMyEyesApp\BeMyEyesApp.iOS\BeMyEyesApp.iOS.csproj", "{342AD369-6182-4B7E-B29C-53C6A16F6859}"
EndProject
Global
	GlobalSection(SolutionConfigurationPlatforms) = preSolution
		Ad-Hoc|Any CPU = Ad-Hoc|Any CPU
		Ad-Hoc|ARM = Ad-Hoc|ARM
		Ad-Hoc|iPhone = Ad-Hoc|iPhone
		Ad-Hoc|iPhoneSimulator = Ad-Hoc|iPhoneSimulator
		Ad-Hoc|x64 = Ad-Hoc|x64
		Ad-Hoc|x86 = Ad-Hoc|x86
		AppStore|Any CPU = AppStore|Any CPU
		AppStore|ARM = AppStore|ARM
		AppStore|iPhone = AppStore|iPhone
		AppStore|iPhoneSimulator = AppStore|iPhoneSimulator
		AppStore|x64 = AppStore|x64
		AppStore|x86 = AppStore|x86
		Debug|Any CPU = Debug|Any CPU
		Debug|ARM = Debug|ARM
		Debug|iPhone = Debug|iPhone
		Debug|iPhoneSimulator = Debug|iPhoneSimulator
		Debug|x64 = Debug|x64
		Debug|x86 = Debug|x86
		Release|Any CPU = Release|Any CPU
		Release|ARM = Release|ARM
		Release|iPhone = Release|iPhone
		Release|iPhoneSimulator = Release|iPhoneSimulator
		Release|x64 = Release|x64
		Release|x86 = Release|x86
	EndGlobalSection
	GlobalSection(ProjectConfigurationPlatforms) = postSolution
		{281A82F3-D1FF-4D9A-A4C4-574E9557BEB4}.Ad-Hoc|Any CPU.ActiveCfg = Release|Any CPU
		{281A82F3-D1FF-4D9A-A4C4-574E9557BEB4}.Ad-Hoc|Any CPU.Build.0 = Release|Any CPU
		{281A82F3-D1FF-4D9A-A4C4-574E9557BEB4}.Ad-Hoc|Any CPU.Deploy.0 = Release|Any CPU
		{281A82F3-D1FF-4D9A-A4C4-574E9557BEB4}.Ad-Hoc|ARM.ActiveCfg = Release|Any CPU
		{281A82F3-D1FF-4D9A-A4C4-574E9557BEB4}.Ad-Hoc|ARM.Build.0 = Release|Any CPU
		{281A82F3-D1FF-4D9A-A4C4-574E9557BEB4}.Ad-Hoc|ARM.Deploy.0 = Release|Any CPU
		{281A82F3-D1FF-4D9A-A4C4-574E9557BEB4}.Ad-Hoc|iPhone.ActiveCfg = Release|Any CPU
		{281A82F3-D1FF-4D9A-A4C4-574E9557BEB4}.Ad-Hoc|iPhone.Build.0 = Release|Any CPU
		{281A82F3-D1FF-4D9A-A4C4-574E9557BEB4}.Ad-Hoc|iPhone.Deploy.0 = Release|Any CPU
		{281A82F3-D1FF-4D9A-A4C4-574E9557BEB4}.Ad-Hoc|iPhoneSimulator.ActiveCfg = Release|Any CPU
		{281A82F3-D1FF-4D9A-A4C4-574E9557BEB4}.Ad-Hoc|iPhoneSimulator.Build.0 = Release|Any CPU
		{281A82F3-D1FF-4D9A-A4C4-574E9557BEB4}.Ad-Hoc|iPhoneSimulator.Deploy.0 = Release|Any CPU
		{281A82F3-D1FF-4D9A-A4C4-574E9557BEB4}.Ad-Hoc|x64.ActiveCfg = Release|Any CPU
		{281A82F3-D1FF-4D9A-A4C4-574E9557BEB4}.Ad-Hoc|x64.Build.0 = Release|Any CPU
		{281A82F3-D1FF-4D9A-A4C4-574E9557BEB4}.Ad-Hoc|x64.Deploy.0 = Release|Any CPU
		{281A82F3-D1FF-4D9A-A4C4-574E9557BEB4}.Ad-Hoc|x86.ActiveCfg = Release|Any CPU
		{281A82F3-D1FF-4D9A-A4C4-574E9557BEB4}.Ad-Hoc|x86.Build.0 = Release|Any CPU
		{281A82F3-D1FF-4D9A-A4C4-574E9557BEB4}.Ad-Hoc|x86.Deploy.0 = Release|Any CPU
		{281A82F3-D1FF-4D9A-A4C4-574E9557BEB4}.AppStore|Any CPU.ActiveCfg = Release|Any CPU
		{281A82F3-D1FF-4D9A-A4C4-574E9557BEB4}.AppStore|Any CPU.Build.0 = Release|Any CPU
		{281A82F3-D1FF-4D9A-A4C4-574E9557BEB4}.AppStore|Any CPU.Deploy.0 = Release|Any CPU
		{281A82F3-D1FF-4D9A-A4C4-574E9557BEB4}.AppStore|ARM.ActiveCfg = Release|Any CPU
		{281A82F3-D1FF-4D9A-A4C4-574E9557BEB4}.AppStore|ARM.Build.0 = Release|Any CPU
		{281A82F3-D1FF-4D9A-A4C4-574E9557BEB4}.AppStore|ARM.Deploy.0 = Release|Any CPU
		{281A82F3-D1FF-4D9A-A4C4-574E9557BEB4}.AppStore|iPhone.ActiveCfg = Release|Any CPU
		{281A82F3-D1FF-4D9A-A4C4-574E9557BEB4}.AppStore|iPhone.Build.0 = Release|Any CPU
		{281A82F3-D1FF-4D9A-A4C4-574E9557BEB4}.AppStore|iPhone.Deploy.0 = Release|Any CPU
		{281A82F3-D1FF-4D9A-A4C4-574E9557BEB4}.AppStore|iPhoneSimulator.ActiveCfg = Release|Any CPU
		{281A82F3-D1FF-4D9A-A4C4-574E9557BEB4}.AppStore|iPhoneSimulator.Build.0 = Release|Any CPU
		{281A82F3-D1FF-4D9A-A4C4-574E9557BEB4}.AppStore|iPhoneSimulator.Deploy.0 = Release|Any CPU
		{281A82F3-D1FF-4D9A-A4C4-574E9557BEB4}.AppStore|x64.ActiveCfg = Release|Any CPU
		{281A82F3-D1FF-4D9A-A4C4-574E9557BEB4}.AppStore|x64.Build.0 = Release|Any CPU
		{281A82F3-D1FF-4D9A-A4C4-574E9557BEB4}.AppStore|x64.Deploy.0 = Release|Any CPU
		{281A82F3-D1FF-4D9A-A4C4-574E9557BEB4}.AppStore|x86.ActiveCfg = Release|Any CPU
		{281A82F3-D1FF-4D9A-A4C4-574E9557BEB4}.AppStore|x86.Build.0 = Release|Any CPU
		{281A82F3-D1FF-4D9A-A4C4-574E9557BEB4}.AppStore|x86.Deploy.0 = Release|Any CPU
		{281A82F3-D1FF-4D9A-A4C4-574E9557BEB4}.Debug|Any CPU.ActiveCfg = Debug|Any CPU
		{281A82F3-D1FF-4D9A-A4C4-574E9557BEB4}.Debug|Any CPU.Deploy.0 = Debug|Any CPU
		{281A82F3-D1FF-4D9A-A4C4-574E9557BEB4}.Debug|ARM.ActiveCfg = Debug|Any CPU
		{281A82F3-D1FF-4D9A-A4C4-574E9557BEB4}.Debug|ARM.Build.0 = Debug|Any CPU
		{281A82F3-D1FF-4D9A-A4C4-574E9557BEB4}.Debug|ARM.Deploy.0 = Debug|Any CPU
		{281A82F3-D1FF-4D9A-A4C4-574E9557BEB4}.Debug|iPhone.ActiveCfg = Debug|Any CPU
		{281A82F3-D1FF-4D9A-A4C4-574E9557BEB4}.Debug|iPhone.Build.0 = Debug|Any CPU
		{281A82F3-D1FF-4D9A-A4C4-574E9557BEB4}.Debug|iPhone.Deploy.0 = Debug|Any CPU
		{281A82F3-D1FF-4D9A-A4C4-574E9557BEB4}.Debug|iPhoneSimulator.ActiveCfg = Debug|Any CPU
		{281A82F3-D1FF-4D9A-A4C4-574E9557BEB4}.Debug|iPhoneSimulator.Build.0 = Debug|Any CPU
		{281A82F3-D1FF-4D9A-A4C4-574E9557BEB4}.Debug|iPhoneSimulator.Deploy.0 = Debug|Any CPU
		{281A82F3-D1FF-4D9A-A4C4-574E9557BEB4}.Debug|x64.ActiveCfg = Debug|Any CPU
		{281A82F3-D1FF-4D9A-A4C4-574E9557BEB4}.Debug|x64.Build.0 = Debug|Any CPU
		{281A82F3-D1FF-4D9A-A4C4-574E9557BEB4}.Debug|x64.Deploy.0 = Debug|Any CPU
		{281A82F3-D1FF-4D9A-A4C4-574E9557BEB4}.Debug|x86.ActiveCfg = Debug|Any CPU
		{281A82F3-D1FF-4D9A-A4C4-574E9557BEB4}.Debug|x86.Build.0 = Debug|Any CPU
		{281A82F3-D1FF-4D9A-A4C4-574E9557BEB4}.Debug|x86.Deploy.0 = Debug|Any CPU
		{281A82F3-D1FF-4D9A-A4C4-574E9557BEB4}.Release|Any CPU.ActiveCfg = Release|Any CPU
		{281A82F3-D1FF-4D9A-A4C4-574E9557BEB4}.Release|Any CPU.Build.0 = Release|Any CPU
		{281A82F3-D1FF-4D9A-A4C4-574E9557BEB4}.Release|Any CPU.Deploy.0 = Release|Any CPU
		{281A82F3-D1FF-4D9A-A4C4-574E9557BEB4}.Release|ARM.ActiveCfg = Release|Any CPU
		{281A82F3-D1FF-4D9A-A4C4-574E9557BEB4}.Release|ARM.Build.0 = Release|Any CPU
		{281A82F3-D1FF-4D9A-A4C4-574E9557BEB4}.Release|ARM.Deploy.0 = Release|Any CPU
		{281A82F3-D1FF-4D9A-A4C4-574E9557BEB4}.Release|iPhone.ActiveCfg = Release|Any CPU
		{281A82F3-D1FF-4D9A-A4C4-574E9557BEB4}.Release|iPhone.Build.0 = Release|Any CPU
		{281A82F3-D1FF-4D9A-A4C4-574E9557BEB4}.Release|iPhone.Deploy.0 = Release|Any CPU
		{281A82F3-D1FF-4D9A-A4C4-574E9557BEB4}.Release|iPhoneSimulator.ActiveCfg = Release|Any CPU
		{281A82F3-D1FF-4D9A-A4C4-574E9557BEB4}.Release|iPhoneSimulator.Build.0 = Release|Any CPU
		{281A82F3-D1FF-4D9A-A4C4-574E9557BEB4}.Release|iPhoneSimulator.Deploy.0 = Release|Any CPU
		{281A82F3-D1FF-4D9A-A4C4-574E9557BEB4}.Release|x64.ActiveCfg = Release|Any CPU
		{281A82F3-D1FF-4D9A-A4C4-574E9557BEB4}.Release|x64.Build.0 = Release|Any CPU
		{281A82F3-D1FF-4D9A-A4C4-574E9557BEB4}.Release|x64.Deploy.0 = Release|Any CPU
		{281A82F3-D1FF-4D9A-A4C4-574E9557BEB4}.Release|x86.ActiveCfg = Release|Any CPU
		{281A82F3-D1FF-4D9A-A4C4-574E9557BEB4}.Release|x86.Build.0 = Release|Any CPU
		{281A82F3-D1FF-4D9A-A4C4-574E9557BEB4}.Release|x86.Deploy.0 = Release|Any CPU
		{BD624A75-A39A-45FC-B632-06ADAB9C521C}.Ad-Hoc|Any CPU.ActiveCfg = Release|Any CPU
		{BD624A75-A39A-45FC-B632-06ADAB9C521C}.Ad-Hoc|Any CPU.Build.0 = Release|Any CPU
		{BD624A75-A39A-45FC-B632-06ADAB9C521C}.Ad-Hoc|ARM.ActiveCfg = Release|Any CPU
		{BD624A75-A39A-45FC-B632-06ADAB9C521C}.Ad-Hoc|ARM.Build.0 = Release|Any CPU
		{BD624A75-A39A-45FC-B632-06ADAB9C521C}.Ad-Hoc|iPhone.ActiveCfg = Release|Any CPU
		{BD624A75-A39A-45FC-B632-06ADAB9C521C}.Ad-Hoc|iPhone.Build.0 = Release|Any CPU
		{BD624A75-A39A-45FC-B632-06ADAB9C521C}.Ad-Hoc|iPhoneSimulator.ActiveCfg = Release|Any CPU
		{BD624A75-A39A-45FC-B632-06ADAB9C521C}.Ad-Hoc|iPhoneSimulator.Build.0 = Release|Any CPU
		{BD624A75-A39A-45FC-B632-06ADAB9C521C}.Ad-Hoc|x64.ActiveCfg = Release|Any CPU
		{BD624A75-A39A-45FC-B632-06ADAB9C521C}.Ad-Hoc|x64.Build.0 = Release|Any CPU
		{BD624A75-A39A-45FC-B632-06ADAB9C521C}.Ad-Hoc|x86.ActiveCfg = Release|Any CPU
		{BD624A75-A39A-45FC-B632-06ADAB9C521C}.Ad-Hoc|x86.Build.0 = Release|Any CPU
		{BD624A75-A39A-45FC-B632-06ADAB9C521C}.AppStore|Any CPU.ActiveCfg = Release|Any CPU
		{BD624A75-A39A-45FC-B632-06ADAB9C521C}.AppStore|Any CPU.Build.0 = Release|Any CPU
		{BD624A75-A39A-45FC-B632-06ADAB9C521C}.AppStore|ARM.ActiveCfg = Release|Any CPU
		{BD624A75-A39A-45FC-B632-06ADAB9C521C}.AppStore|ARM.Build.0 = Release|Any CPU
		{BD624A75-A39A-45FC-B632-06ADAB9C521C}.AppStore|iPhone.ActiveCfg = Release|Any CPU
		{BD624A75-A39A-45FC-B632-06ADAB9C521C}.AppStore|iPhone.Build.0 = Release|Any CPU
		{BD624A75-A39A-45FC-B632-06ADAB9C521C}.AppStore|iPhoneSimulator.ActiveCfg = Release|Any CPU
		{BD624A75-A39A-45FC-B632-06ADAB9C521C}.AppStore|iPhoneSimulator.Build.0 = Release|Any CPU
		{BD624A75-A39A-45FC-B632-06ADAB9C521C}.AppStore|x64.ActiveCfg = Release|Any CPU
		{BD624A75-A39A-45FC-B632-06ADAB9C521C}.AppStore|x64.Build.0 = Release|Any CPU
		{BD624A75-A39A-45FC-B632-06ADAB9C521C}.AppStore|x86.ActiveCfg = Release|Any CPU
		{BD624A75-A39A-45FC-B632-06ADAB9C521C}.AppStore|x86.Build.0 = Release|Any CPU
		{BD624A75-A39A-45FC-B632-06ADAB9C521C}.Debug|Any CPU.ActiveCfg = Debug|Any CPU
		{BD624A75-A39A-45FC-B632-06ADAB9C521C}.Debug|Any CPU.Build.0 = Debug|Any CPU
		{BD624A75-A39A-45FC-B632-06ADAB9C521C}.Debug|ARM.ActiveCfg = Debug|Any CPU
		{BD624A75-A39A-45FC-B632-06ADAB9C521C}.Debug|ARM.Build.0 = Debug|Any CPU
		{BD624A75-A39A-45FC-B632-06ADAB9C521C}.Debug|iPhone.ActiveCfg = Debug|Any CPU
		{BD624A75-A39A-45FC-B632-06ADAB9C521C}.Debug|iPhone.Build.0 = Debug|Any CPU
		{BD624A75-A39A-45FC-B632-06ADAB9C521C}.Debug|iPhoneSimulator.ActiveCfg = Debug|Any CPU
		{BD624A75-A39A-45FC-B632-06ADAB9C521C}.Debug|iPhoneSimulator.Build.0 = Debug|Any CPU
		{BD624A75-A39A-45FC-B632-06ADAB9C521C}.Debug|x64.ActiveCfg = Debug|Any CPU
		{BD624A75-A39A-45FC-B632-06ADAB9C521C}.Debug|x64.Build.0 = Debug|Any CPU
		{BD624A75-A39A-45FC-B632-06ADAB9C521C}.Debug|x86.ActiveCfg = Debug|Any CPU
		{BD624A75-A39A-45FC-B632-06ADAB9C521C}.Debug|x86.Build.0 = Debug|Any CPU
		{BD624A75-A39A-45FC-B632-06ADAB9C521C}.Release|Any CPU.ActiveCfg = Release|Any CPU
		{BD624A75-A39A-45FC-B632-06ADAB9C521C}.Release|Any CPU.Build.0 = Release|Any CPU
		{BD624A75-A39A-45FC-B632-06ADAB9C521C}.Release|ARM.ActiveCfg = Release|Any CPU
		{BD624A75-A39A-45FC-B632-06ADAB9C521C}.Release|ARM.Build.0 = Release|Any CPU
		{BD624A75-A39A-45FC-B632-06ADAB9C521C}.Release|iPhone.ActiveCfg = Release|Any CPU
		{BD624A75-A39A-45FC-B632-06ADAB9C521C}.Release|iPhone.Build.0 = Release|Any CPU
		{BD624A75-A39A-45FC-B632-06ADAB9C521C}.Release|iPhoneSimulator.ActiveCfg = Release|Any CPU
		{BD624A75-A39A-45FC-B632-06ADAB9C521C}.Release|iPhoneSimulator.Build.0 = Release|Any CPU
		{BD624A75-A39A-45FC-B632-06ADAB9C521C}.Release|x64.ActiveCfg = Release|Any CPU
		{BD624A75-A39A-45FC-B632-06ADAB9C521C}.Release|x64.Build.0 = Release|Any CPU
		{BD624A75-A39A-45FC-B632-06ADAB9C521C}.Release|x86.ActiveCfg = Release|Any CPU
		{BD624A75-A39A-45FC-B632-06ADAB9C521C}.Release|x86.Build.0 = Release|Any CPU
		{54C86971-8823-4F59-B41A-0BBC54AFD964}.Ad-Hoc|Any CPU.ActiveCfg = Release|x86
		{54C86971-8823-4F59-B41A-0BBC54AFD964}.Ad-Hoc|Any CPU.Build.0 = Release|x86
		{54C86971-8823-4F59-B41A-0BBC54AFD964}.Ad-Hoc|Any CPU.Deploy.0 = Release|x86
		{54C86971-8823-4F59-B41A-0BBC54AFD964}.Ad-Hoc|ARM.ActiveCfg = Release|ARM
		{54C86971-8823-4F59-B41A-0BBC54AFD964}.Ad-Hoc|ARM.Build.0 = Release|ARM
		{54C86971-8823-4F59-B41A-0BBC54AFD964}.Ad-Hoc|ARM.Deploy.0 = Release|ARM
		{54C86971-8823-4F59-B41A-0BBC54AFD964}.Ad-Hoc|iPhone.ActiveCfg = Release|x86
		{54C86971-8823-4F59-B41A-0BBC54AFD964}.Ad-Hoc|iPhone.Build.0 = Release|x86
		{54C86971-8823-4F59-B41A-0BBC54AFD964}.Ad-Hoc|iPhone.Deploy.0 = Release|x86
		{54C86971-8823-4F59-B41A-0BBC54AFD964}.Ad-Hoc|iPhoneSimulator.ActiveCfg = Release|x86
		{54C86971-8823-4F59-B41A-0BBC54AFD964}.Ad-Hoc|iPhoneSimulator.Build.0 = Release|x86
		{54C86971-8823-4F59-B41A-0BBC54AFD964}.Ad-Hoc|iPhoneSimulator.Deploy.0 = Release|x86
		{54C86971-8823-4F59-B41A-0BBC54AFD964}.Ad-Hoc|x64.ActiveCfg = Release|x64
		{54C86971-8823-4F59-B41A-0BBC54AFD964}.Ad-Hoc|x64.Build.0 = Release|x64
		{54C86971-8823-4F59-B41A-0BBC54AFD964}.Ad-Hoc|x64.Deploy.0 = Release|x64
		{54C86971-8823-4F59-B41A-0BBC54AFD964}.Ad-Hoc|x86.ActiveCfg = Release|x86
		{54C86971-8823-4F59-B41A-0BBC54AFD964}.Ad-Hoc|x86.Build.0 = Release|x86
		{54C86971-8823-4F59-B41A-0BBC54AFD964}.Ad-Hoc|x86.Deploy.0 = Release|x86
		{54C86971-8823-4F59-B41A-0BBC54AFD964}.AppStore|Any CPU.ActiveCfg = Release|x86
		{54C86971-8823-4F59-B41A-0BBC54AFD964}.AppStore|Any CPU.Build.0 = Release|x86
		{54C86971-8823-4F59-B41A-0BBC54AFD964}.AppStore|Any CPU.Deploy.0 = Release|x86
		{54C86971-8823-4F59-B41A-0BBC54AFD964}.AppStore|ARM.ActiveCfg = Release|ARM
		{54C86971-8823-4F59-B41A-0BBC54AFD964}.AppStore|ARM.Build.0 = Release|ARM
		{54C86971-8823-4F59-B41A-0BBC54AFD964}.AppStore|ARM.Deploy.0 = Release|ARM
		{54C86971-8823-4F59-B41A-0BBC54AFD964}.AppStore|iPhone.ActiveCfg = Release|x86
		{54C86971-8823-4F59-B41A-0BBC54AFD964}.AppStore|iPhone.Build.0 = Release|x86
		{54C86971-8823-4F59-B41A-0BBC54AFD964}.AppStore|iPhone.Deploy.0 = Release|x86
		{54C86971-8823-4F59-B41A-0BBC54AFD964}.AppStore|iPhoneSimulator.ActiveCfg = Release|x86
		{54C86971-8823-4F59-B41A-0BBC54AFD964}.AppStore|iPhoneSimulator.Build.0 = Release|x86
		{54C86971-8823-4F59-B41A-0BBC54AFD964}.AppStore|iPhoneSimulator.Deploy.0 = Release|x86
		{54C86971-8823-4F59-B41A-0BBC54AFD964}.AppStore|x64.ActiveCfg = Release|x64
		{54C86971-8823-4F59-B41A-0BBC54AFD964}.AppStore|x64.Build.0 = Release|x64
		{54C86971-8823-4F59-B41A-0BBC54AFD964}.AppStore|x64.Deploy.0 = Release|x64
		{54C86971-8823-4F59-B41A-0BBC54AFD964}.AppStore|x86.ActiveCfg = Release|x86
		{54C86971-8823-4F59-B41A-0BBC54AFD964}.AppStore|x86.Build.0 = Release|x86
		{54C86971-8823-4F59-B41A-0BBC54AFD964}.AppStore|x86.Deploy.0 = Release|x86
		{54C86971-8823-4F59-B41A-0BBC54AFD964}.Debug|Any CPU.ActiveCfg = Debug|x86
		{54C86971-8823-4F59-B41A-0BBC54AFD964}.Debug|Any CPU.Build.0 = Debug|x86
		{54C86971-8823-4F59-B41A-0BBC54AFD964}.Debug|Any CPU.Deploy.0 = Debug|x86
		{54C86971-8823-4F59-B41A-0BBC54AFD964}.Debug|ARM.ActiveCfg = Debug|ARM
		{54C86971-8823-4F59-B41A-0BBC54AFD964}.Debug|ARM.Build.0 = Debug|ARM
		{54C86971-8823-4F59-B41A-0BBC54AFD964}.Debug|ARM.Deploy.0 = Debug|ARM
		{54C86971-8823-4F59-B41A-0BBC54AFD964}.Debug|iPhone.ActiveCfg = Debug|x86
		{54C86971-8823-4F59-B41A-0BBC54AFD964}.Debug|iPhoneSimulator.ActiveCfg = Debug|x86
		{54C86971-8823-4F59-B41A-0BBC54AFD964}.Debug|x64.ActiveCfg = Debug|x64
		{54C86971-8823-4F59-B41A-0BBC54AFD964}.Debug|x64.Build.0 = Debug|x64
		{54C86971-8823-4F59-B41A-0BBC54AFD964}.Debug|x64.Deploy.0 = Debug|x64
		{54C86971-8823-4F59-B41A-0BBC54AFD964}.Debug|x86.ActiveCfg = Debug|x86
		{54C86971-8823-4F59-B41A-0BBC54AFD964}.Debug|x86.Build.0 = Debug|x86
		{54C86971-8823-4F59-B41A-0BBC54AFD964}.Debug|x86.Deploy.0 = Debug|x86
		{54C86971-8823-4F59-B41A-0BBC54AFD964}.Release|Any CPU.ActiveCfg = Release|x86
		{54C86971-8823-4F59-B41A-0BBC54AFD964}.Release|ARM.ActiveCfg = Release|ARM
		{54C86971-8823-4F59-B41A-0BBC54AFD964}.Release|ARM.Build.0 = Release|ARM
		{54C86971-8823-4F59-B41A-0BBC54AFD964}.Release|ARM.Deploy.0 = Release|ARM
		{54C86971-8823-4F59-B41A-0BBC54AFD964}.Release|iPhone.ActiveCfg = Release|x86
		{54C86971-8823-4F59-B41A-0BBC54AFD964}.Release|iPhoneSimulator.ActiveCfg = Release|x86
		{54C86971-8823-4F59-B41A-0BBC54AFD964}.Release|x64.ActiveCfg = Release|x64
		{54C86971-8823-4F59-B41A-0BBC54AFD964}.Release|x64.Build.0 = Release|x64
		{54C86971-8823-4F59-B41A-0BBC54AFD964}.Release|x64.Deploy.0 = Release|x64
		{54C86971-8823-4F59-B41A-0BBC54AFD964}.Release|x86.ActiveCfg = Release|x86
		{54C86971-8823-4F59-B41A-0BBC54AFD964}.Release|x86.Build.0 = Release|x86
		{54C86971-8823-4F59-B41A-0BBC54AFD964}.Release|x86.Deploy.0 = Release|x86
		{342AD369-6182-4B7E-B29C-53C6A16F6859}.Ad-Hoc|Any CPU.ActiveCfg = Ad-Hoc|iPhone
		{342AD369-6182-4B7E-B29C-53C6A16F6859}.Ad-Hoc|ARM.ActiveCfg = Ad-Hoc|iPhone
		{342AD369-6182-4B7E-B29C-53C6A16F6859}.Ad-Hoc|iPhone.ActiveCfg = Ad-Hoc|iPhone
		{342AD369-6182-4B7E-B29C-53C6A16F6859}.Ad-Hoc|iPhone.Build.0 = Ad-Hoc|iPhone
		{342AD369-6182-4B7E-B29C-53C6A16F6859}.Ad-Hoc|iPhoneSimulator.ActiveCfg = Ad-Hoc|iPhoneSimulator
		{342AD369-6182-4B7E-B29C-53C6A16F6859}.Ad-Hoc|iPhoneSimulator.Build.0 = Ad-Hoc|iPhoneSimulator
		{342AD369-6182-4B7E-B29C-53C6A16F6859}.Ad-Hoc|x64.ActiveCfg = Ad-Hoc|iPhone
		{342AD369-6182-4B7E-B29C-53C6A16F6859}.Ad-Hoc|x86.ActiveCfg = Ad-Hoc|iPhone
		{342AD369-6182-4B7E-B29C-53C6A16F6859}.AppStore|Any CPU.ActiveCfg = AppStore|iPhone
		{342AD369-6182-4B7E-B29C-53C6A16F6859}.AppStore|ARM.ActiveCfg = AppStore|iPhone
		{342AD369-6182-4B7E-B29C-53C6A16F6859}.AppStore|iPhone.ActiveCfg = AppStore|iPhone
		{342AD369-6182-4B7E-B29C-53C6A16F6859}.AppStore|iPhone.Build.0 = AppStore|iPhone
		{342AD369-6182-4B7E-B29C-53C6A16F6859}.AppStore|iPhoneSimulator.ActiveCfg = AppStore|iPhoneSimulator
		{342AD369-6182-4B7E-B29C-53C6A16F6859}.AppStore|iPhoneSimulator.Build.0 = AppStore|iPhoneSimulator
		{342AD369-6182-4B7E-B29C-53C6A16F6859}.AppStore|x64.ActiveCfg = AppStore|iPhone
		{342AD369-6182-4B7E-B29C-53C6A16F6859}.AppStore|x86.ActiveCfg = AppStore|iPhone
		{342AD369-6182-4B7E-B29C-53C6A16F6859}.Debug|Any CPU.ActiveCfg = Debug|iPhone
		{342AD369-6182-4B7E-B29C-53C6A16F6859}.Debug|Any CPU.Build.0 = Debug|iPhone
		{342AD369-6182-4B7E-B29C-53C6A16F6859}.Debug|ARM.ActiveCfg = Debug|iPhone
		{342AD369-6182-4B7E-B29C-53C6A16F6859}.Debug|iPhone.ActiveCfg = Debug|iPhone
		{342AD369-6182-4B7E-B29C-53C6A16F6859}.Debug|iPhone.Build.0 = Debug|iPhone
		{342AD369-6182-4B7E-B29C-53C6A16F6859}.Debug|iPhoneSimulator.ActiveCfg = Debug|iPhoneSimulator
		{342AD369-6182-4B7E-B29C-53C6A16F6859}.Debug|iPhoneSimulator.Build.0 = Debug|iPhoneSimulator
		{342AD369-6182-4B7E-B29C-53C6A16F6859}.Debug|x64.ActiveCfg = Debug|iPhone
		{342AD369-6182-4B7E-B29C-53C6A16F6859}.Debug|x86.ActiveCfg = Debug|iPhone
		{342AD369-6182-4B7E-B29C-53C6A16F6859}.Release|Any CPU.ActiveCfg = Release|iPhone
		{342AD369-6182-4B7E-B29C-53C6A16F6859}.Release|ARM.ActiveCfg = Release|iPhone
		{342AD369-6182-4B7E-B29C-53C6A16F6859}.Release|iPhone.ActiveCfg = Release|iPhone
		{342AD369-6182-4B7E-B29C-53C6A16F6859}.Release|iPhone.Build.0 = Release|iPhone
		{342AD369-6182-4B7E-B29C-53C6A16F6859}.Release|iPhoneSimulator.ActiveCfg = Release|iPhoneSimulator
		{342AD369-6182-4B7E-B29C-53C6A16F6859}.Release|iPhoneSimulator.Build.0 = Release|iPhoneSimulator
		{342AD369-6182-4B7E-B29C-53C6A16F6859}.Release|x64.ActiveCfg = Release|iPhone
		{342AD369-6182-4B7E-B29C-53C6A16F6859}.Release|x86.ActiveCfg = Release|iPhone
	EndGlobalSection
	GlobalSection(SolutionProperties) = preSolution
		HideSolutionNode = FALSE
	EndGlobalSection
EndGlobal
